
Microsoft Visual Studio Solution File, Format Version 12.00
# Visual Studio 15
VisualStudioVersion = 15.0.28307.645
MinimumVisualStudioVersion = 10.0.40219.1
Project("{FAE04EC0-301F-11D3-BF4B-00C04F79EFBC}") = "ColorGenerator", "ColorGenerator\ColorGenerator.csproj", "{EFC701F5-D670-404C-B9BD-8194FA1C0155}"
EndProject
Global
	GlobalSection(SolutionConfigurationPlatforms) = preSolution
		Debug|Any CPU = Debug|Any CPU
		Release|Any CPU = Release|Any CPU
	EndGlobalSection
	GlobalSection(ProjectConfigurationPlatforms) = postSolution
		{EFC701F5-D670-404C-B9BD-8194FA1C0155}.Debug|Any CPU.ActiveCfg = Debug|Any CPU
		{EFC701F5-D670-404C-B9BD-8194FA1C0155}.Debug|Any CPU.Build.0 = Debug|Any CPU
		{EFC701F5-D670-404C-B9BD-8194FA1C0155}.Release|Any CPU.ActiveCfg = Release|Any CPU
		{EFC701F5-D670-404C-B9BD-8194FA1C0155}.Release|Any CPU.Build.0 = Release|Any CPU
	EndGlobalSection
	GlobalSection(SolutionProperties) = preSolution
		HideSolutionNode = FALSE
	EndGlobalSection
	GlobalSection(ExtensibilityGlobals) = postSolution
		SolutionGuid = {3E10364A-71E2-42B0-8B44-A94CACBC30E6}
	EndGlobalSection
EndGlobal
